
Microsoft Visual Studio Solution File, Format Version 12.00
# Visual Studio Version 16
VisualStudioVersion = 16.0.31729.503
MinimumVisualStudioVersion = 10.0.40219.1
Project("{FAE04EC0-301F-11D3-BF4B-00C04F79EFBC}") = "HomeWork-5", "HomeWork-5\HomeWork-5.csproj", "{4F7C7A10-0EB8-4B35-B9E1-AF02760F1BCE}"
EndProject
Global
	GlobalSection(SolutionConfigurationPlatforms) = preSolution
		Debug|Any CPU = Debug|Any CPU
		Release|Any CPU = Release|Any CPU
	EndGlobalSection
	GlobalSection(ProjectConfigurationPlatforms) = postSolution
		{4F7C7A10-0EB8-4B35-B9E1-AF02760F1BCE}.Debug|Any CPU.ActiveCfg = Debug|Any CPU
		{4F7C7A10-0EB8-4B35-B9E1-AF02760F1BCE}.Debug|Any CPU.Build.0 = Debug|Any CPU
		{4F7C7A10-0EB8-4B35-B9E1-AF02760F1BCE}.Release|Any CPU.ActiveCfg = Release|Any CPU
		{4F7C7A10-0EB8-4B35-B9E1-AF02760F1BCE}.Release|Any CPU.Build.0 = Release|Any CPU
	EndGlobalSection
	GlobalSection(SolutionProperties) = preSolution
		HideSolutionNode = FALSE
	EndGlobalSection
	GlobalSection(ExtensibilityGlobals) = postSolution
		SolutionGuid = {61060CA2-E969-4D29-AF57-F5042F70D529}
	EndGlobalSection
EndGlobal
